{
  "originHash" : "2e7ea491466a3650a8089dc935295bafda6f47b68457f7b32e7debf03a66c5db",
  "pins" : [
    {
      "identity" : "sentry-cocoa",
      "kind" : "remoteSourceControl",
      "location" : "https://github.com/getsentry/sentry-cocoa",
      "state" : {
        "revision" : "d27a0ddf0cd1bc90ab038f5781fddc39b894430e",
        "version" : "9.25.0"
      }
    },
    {
      "identity" : "sparkle",
      "kind" : "remoteSourceControl",
      "location" : "https://github.com/sparkle-project/Sparkle",
      "state" : {
        "revision" : "b6496a74a087257ef5e6da1c5b29a447a60f5bd7",
        "version" : "2.9.4"
      }
    },
    {
      "identity" : "swift-protobuf",
      "kind" : "remoteSourceControl",
      "location" : "https://github.com/apple/swift-protobuf.git",
      "state" : {
        "revision" : "c6fe6442e6a64250495669325044052e113e990c",
        "version" : "1.32.0"
      }
    }
  ],
  "version" : 3
}
